<?xml version="1.0" encoding="utf-8"?>
<Project ToolsVersion="4.0" xmlns="http://schemas.microsoft.com/developer/msbuild/2003">
  <ItemGroup>
    <Filter Include="Source Files">
      <UniqueIdentifier>{4FC737F1-C7A5-4376-A066-2A32D752A2FF}</UniqueIdentifier>
      <Extensions>cpp;c;cc;cxx;c++;cppm;ixx;def;odl;idl;hpj;bat;asm;asmx</Extensions>
    </Filter>
    <Filter Include="Header Files">
      <UniqueIdentifier>{93995380-89BD-4b04-88EB-625FBE52EBFB}</UniqueIdentifier>
      <Extensions>h;hh;hpp;hxx;h++;hm;inl;inc;ipp;xsd</Extensions>
    </Filter>
    <Filter Include="Resource Files">
      <UniqueIdentifier>{67DA6AB6-F800-4c08-8B7A-83BB121AAD01}</UniqueIdentifier>
      <Extensions>rc;ico;cur;bmp;dlg;rc2;rct;bin;rgs;gif;jpg;jpeg;jpe;resx;tiff;tif;png;wav;mfcribbon-ms</Extensions>
    </Filter>
  </ItemGroup>
  <ItemGroup>
    <ClInclude Include="WinSmoov.h">
      <Filter>Header Files</Filter>
    </ClInclude>
    <ClInclude Include="WinSmoovDlg.h">
      <Filter>Header Files</Filter>
    </ClInclude>
    <ClInclude Include="framework.h">
      <Filter>Header Files</Filter>
    </ClInclude>
    <ClInclude Include="targetver.h">
      <Filter>Header Files</Filter>
    </ClInclude>
    <ClInclude Include="Resource.h">
      <Filter>Header Files</Filter>
    </ClInclude>
    <ClInclude Include="pch.h">
      <Filter>Header Files</Filter>
    </ClInclude>
    <ClInclude Include="WindowsAudioInterface.h">
      <Filter>Header Files</Filter>
    </ClInclude>
    <ClInclude Include="..\..\fmsmoov-core\core_common.h">
      <Filter>Header Files</Filter>
    </ClInclude>
    <ClInclude Include="..\..\fmsmoov-core\CoreConfig.h">
      <Filter>Header Files</Filter>
    </ClInclude>
    <ClInclude Include="..\..\fmsmoov-core\CoreStack.hpp">
      <Filter>Header Files</Filter>
    </ClInclude>
    <ClInclude Include="..\..\fmsmoov-core\ProcessorCore.hpp">
      <Filter>Header Files</Filter>
    </ClInclude>
    <ClInclude Include="..\..\fmsmoov-core\ProcessorModule.hpp">
      <Filter>Header Files</Filter>
    </ClInclude>
    <ClInclude Include="..\..\fmsmoov-core\ProcMod2BandAGC.hpp">
      <Filter>Header Files</Filter>
    </ClInclude>
    <ClInclude Include="..\..\fmsmoov-core\ProcMod5bandCompressor.hpp">
      <Filter>Header Files</Filter>
    </ClInclude>
    <ClInclude Include="..\..\fmsmoov-core\ProcMod5bandCrossover.hpp">
      <Filter>Header Files</Filter>
    </ClInclude>
    <ClInclude Include="..\..\fmsmoov-core\ProcModBassClipper.hpp">
      <Filter>Header Files</Filter>
    </ClInclude>
    <ClInclude Include="..\..\fmsmoov-core\ProcModClipper.hpp">
      <Filter>Header Files</Filter>
    </ClInclude>
    <ClInclude Include="..\..\fmsmoov-core\ProcModDelay.hpp">
      <Filter>Header Files</Filter>
    </ClInclude>
    <ClInclude Include="..\..\fmsmoov-core\ProcModFinalLPF.hpp">
      <Filter>Header Files</Filter>
    </ClInclude>
    <ClInclude Include="..\..\fmsmoov-core\ProcModGain.hpp">
      <Filter>Header Files</Filter>
    </ClInclude>
    <ClInclude Include="..\..\fmsmoov-core\ProcModHFEnhance.hpp">
      <Filter>Header Files</Filter>
    </ClInclude>
    <ClInclude Include="..\..\fmsmoov-core\ProcModInputHPF.hpp">
      <Filter>Header Files</Filter>
    </ClInclude>
    <ClInclude Include="..\..\fmsmoov-core\ProcModLevelMeter.hpp">
      <Filter>Header Files</Filter>
    </ClInclude>
    <ClInclude Include="..\..\fmsmoov-core\ProcModLookaheadLimiter.h">
      <Filter>Header Files</Filter>
    </ClInclude>
    <ClInclude Include="..\..\fmsmoov-core\ProcModStereoEnhance.hpp">
      <Filter>Header Files</Filter>
    </ClInclude>
    <ClInclude Include="..\..\fmsmoov-core\core_utils\allpass_filter_lr4.h">
      <Filter>Header Files</Filter>
    </ClInclude>
    <ClInclude Include="..\..\fmsmoov-core\core_utils\AudioBuf.hpp">
      <Filter>Header Files</Filter>
    </ClInclude>
    <ClInclude Include="..\..\fmsmoov-core\core_utils\biquad.h">
      <Filter>Header Files</Filter>
    </ClInclude>
    <ClInclude Include="..\..\fmsmoov-core\core_utils\butterworth.h">
      <Filter>Header Files</Filter>
    </ClInclude>
    <ClInclude Include="..\..\fmsmoov-core\core_utils\channel_map.hpp">
      <Filter>Header Files</Filter>
    </ClInclude>
    <ClInclude Include="..\..\fmsmoov-core\core_utils\CircularBuffer.hpp">
      <Filter>Header Files</Filter>
    </ClInclude>
    <ClInclude Include="..\..\fmsmoov-core\core_utils\comparator.hpp">
      <Filter>Header Files</Filter>
    </ClInclude>
    <ClInclude Include="..\..\fmsmoov-core\core_utils\compressor.h">
      <Filter>Header Files</Filter>
    </ClInclude>
    <ClInclude Include="..\..\fmsmoov-core\core_utils\crossover_5_band.h">
      <Filter>Header Files</Filter>
    </ClInclude>
    <ClInclude Include="..\..\fmsmoov-core\core_utils\delay_line.h">
      <Filter>Header Files</Filter>
    </ClInclude>
    <ClInclude Include="..\..\fmsmoov-core\core_utils\filter_3rdorder.h">
      <Filter>Header Files</Filter>
    </ClInclude>
    <ClInclude Include="..\..\fmsmoov-core\core_utils\filter_butter3rd.h">
      <Filter>Header Files</Filter>
    </ClInclude>
    <ClInclude Include="..\..\fmsmoov-core\core_utils\filter_el.h">
      <Filter>Header Files</Filter>
    </ClInclude>
    <ClInclude Include="..\..\fmsmoov-core\core_utils\filter_lr4.h">
      <Filter>Header Files</Filter>
    </ClInclude>
    <ClInclude Include="..\..\fmsmoov-core\core_utils\LogLinConverter.hpp">
      <Filter>Header Files</Filter>
    </ClInclude>
    <ClInclude Include="..\..\fmsmoov-core\core_utils\lookahead_limiter.h">
      <Filter>Header Files</Filter>
    </ClInclude>
    <ClInclude Include="..\..\fmsmoov-core\core_utils\LPFSinglePole.hpp">
      <Filter>Header Files</Filter>
    </ClInclude>
    <ClInclude Include="..\..\fmsmoov-core\core_utils\running_rms.h">
      <Filter>Header Files</Filter>
    </ClInclude>
    <ClInclude Include="..\..\fmsmoov-core\core_utils\simple_gain.hpp">
      <Filter>Header Files</Filter>
    </ClInclude>
    <ClInclude Include="..\..\fmsmoov-core\core_utils\vca.h">
      <Filter>Header Files</Filter>
    </ClInclude>
    <ClInclude Include="..\..\fmsmoov-core\CoreConfigVals.h">
      <Filter>Header Files</Filter>
    </ClInclude>
  </ItemGroup>
  <ItemGroup>
    <ClCompile Include="WinSmoov.cpp">
      <Filter>Source Files</Filter>
    </ClCompile>
    <ClCompile Include="WinSmoovDlg.cpp">
      <Filter>Source Files</Filter>
    </ClCompile>
    <ClCompile Include="pch.cpp">
      <Filter>Source Files</Filter>
    </ClCompile>
    <ClCompile Include="WindowsAudioInterface.cpp">
      <Filter>Source Files</Filter>
    </ClCompile>
    <ClCompile Include="..\..\fmsmoov-core\CoreConfig.cpp">
      <Filter>Source Files</Filter>
    </ClCompile>
    <ClCompile Include="..\..\fmsmoov-core\CoreStack.cpp">
      <Filter>Source Files</Filter>
    </ClCompile>
    <ClCompile Include="..\..\fmsmoov-core\ProcessorCore.cpp">
      <Filter>Source Files</Filter>
    </ClCompile>
    <ClCompile Include="..\..\fmsmoov-core\ProcessorModule.cpp">
      <Filter>Source Files</Filter>
    </ClCompile>
    <ClCompile Include="..\..\fmsmoov-core\ProcMod2BandAGC.cpp">
      <Filter>Source Files</Filter>
    </ClCompile>
    <ClCompile Include="..\..\fmsmoov-core\ProcMod5bandCompressor.cpp">
      <Filter>Source Files</Filter>
    </ClCompile>
    <ClCompile Include="..\..\fmsmoov-core\ProcMod5bandCrossover.cpp">
      <Filter>Source Files</Filter>
    </ClCompile>
    <ClCompile Include="..\..\fmsmoov-core\ProcModBassClipper.cpp">
      <Filter>Source Files</Filter>
    </ClCompile>
    <ClCompile Include="..\..\fmsmoov-core\ProcModClipper.cpp">
      <Filter>Source Files</Filter>
    </ClCompile>
    <ClCompile Include="..\..\fmsmoov-core\ProcModDelay.cpp">
      <Filter>Source Files</Filter>
    </ClCompile>
    <ClCompile Include="..\..\fmsmoov-core\ProcModFinalLPF.cpp">
      <Filter>Source Files</Filter>
    </ClCompile>
    <ClCompile Include="..\..\fmsmoov-core\ProcModGain.cpp">
      <Filter>Source Files</Filter>
    </ClCompile>
    <ClCompile Include="..\..\fmsmoov-core\ProcModHFEnhance.cpp">
      <Filter>Source Files</Filter>
    </ClCompile>
    <ClCompile Include="..\..\fmsmoov-core\ProcModInputHPF.cpp">
      <Filter>Source Files</Filter>
    </ClCompile>
    <ClCompile Include="..\..\fmsmoov-core\ProcModLevelMeter.cpp">
      <Filter>Source Files</Filter>
    </ClCompile>
    <ClCompile Include="..\..\fmsmoov-core\ProcModLookaheadLimiter.cpp">
      <Filter>Source Files</Filter>
    </ClCompile>
    <ClCompile Include="..\..\fmsmoov-core\ProcModStereoEnhance.cpp">
      <Filter>Source Files</Filter>
    </ClCompile>
    <ClCompile Include="..\..\fmsmoov-core\core_utils\AudioBuf.cpp">
      <Filter>Source Files</Filter>
    </ClCompile>
    <ClCompile Include="..\..\fmsmoov-core\core_utils\biquad.cpp">
      <Filter>Source Files</Filter>
    </ClCompile>
    <ClCompile Include="..\..\fmsmoov-core\core_utils\butterworth.cpp">
      <Filter>Source Files</Filter>
    </ClCompile>
    <ClCompile Include="..\..\fmsmoov-core\core_utils\channel_map.cpp">
      <Filter>Source Files</Filter>
    </ClCompile>
    <ClCompile Include="..\..\fmsmoov-core\core_utils\CircularBuffer.cpp">
      <Filter>Source Files</Filter>
    </ClCompile>
    <ClCompile Include="..\..\fmsmoov-core\core_utils\comparator.cpp">
      <Filter>Source Files</Filter>
    </ClCompile>
    <ClCompile Include="..\..\fmsmoov-core\core_utils\compressor.cpp">
      <Filter>Source Files</Filter>
    </ClCompile>
    <ClCompile Include="..\..\fmsmoov-core\core_utils\crossover_5_band.cpp">
      <Filter>Source Files</Filter>
    </ClCompile>
    <ClCompile Include="..\..\fmsmoov-core\core_utils\delay_line.cpp">
      <Filter>Source Files</Filter>
    </ClCompile>
    <ClCompile Include="..\..\fmsmoov-core\core_utils\filter_3rdorder.cpp">
      <Filter>Source Files</Filter>
    </ClCompile>
    <ClCompile Include="..\..\fmsmoov-core\core_utils\filter_butter3rd.cpp">
      <Filter>Source Files</Filter>
    </ClCompile>
    <ClCompile Include="..\..\fmsmoov-core\core_utils\filter_el.cpp">
      <Filter>Source Files</Filter>
    </ClCompile>
    <ClCompile Include="..\..\fmsmoov-core\core_utils\filter_lr4.cpp">
      <Filter>Source Files</Filter>
    </ClCompile>
    <ClCompile Include="..\..\fmsmoov-core\core_utils\LogLinConverter.cpp">
      <Filter>Source Files</Filter>
    </ClCompile>
    <ClCompile Include="..\..\fmsmoov-core\core_utils\lookahead_limiter.cpp">
      <Filter>Source Files</Filter>
    </ClCompile>
    <ClCompile Include="..\..\fmsmoov-core\core_utils\LPFSinglePole.cpp">
      <Filter>Source Files</Filter>
    </ClCompile>
    <ClCompile Include="..\..\fmsmoov-core\core_utils\running_rms.cpp">
      <Filter>Source Files</Filter>
    </ClCompile>
    <ClCompile Include="..\..\fmsmoov-core\core_utils\simple_gain.cpp">
      <Filter>Source Files</Filter>
    </ClCompile>
    <ClCompile Include="..\..\fmsmoov-core\core_utils\vca.cpp">
      <Filter>Source Files</Filter>
    </ClCompile>
    <ClCompile Include="..\..\fmsmoov-core\core_utils\allpass_filter_lr4.cpp">
      <Filter>Source Files</Filter>
    </ClCompile>
  </ItemGroup>
  <ItemGroup>
    <ResourceCompile Include="WinSmoov.rc">
      <Filter>Resource Files</Filter>
    </ResourceCompile>
  </ItemGroup>
  <ItemGroup>
    <None Include="res\WinSmoov.rc2">
      <Filter>Resource Files</Filter>
    </None>
  </ItemGroup>
  <ItemGroup>
    <Image Include="res\WinSmoov.ico">
      <Filter>Resource Files</Filter>
    </Image>
  </ItemGroup>
</Project>